
Microsoft Visual Studio Solution File, Format Version 12.00
# Visual Studio Version 16
VisualStudioVersion = 16.0.30517.126
MinimumVisualStudioVersion = 10.0.40219.1
Project("{FAE04EC0-301F-11D3-BF4B-00C04F79EFBC}") = "EstudiantesApp", "EstudiantesApp.csproj", "{466B6539-DBD5-415C-932C-36433216E94D}"
EndProject
Global
	GlobalSection(SolutionConfigurationPlatforms) = preSolution
		Debug|Any CPU = Debug|Any CPU
		Release|Any CPU = Release|Any CPU
	EndGlobalSection
	GlobalSection(ProjectConfigurationPlatforms) = postSolution
		{466B6539-DBD5-415C-932C-36433216E94D}.Debug|Any CPU.ActiveCfg = Debug|Any CPU
		{466B6539-DBD5-415C-932C-36433216E94D}.Debug|Any CPU.Build.0 = Debug|Any CPU
		{466B6539-DBD5-415C-932C-36433216E94D}.Release|Any CPU.ActiveCfg = Release|Any CPU
		{466B6539-DBD5-415C-932C-36433216E94D}.Release|Any CPU.Build.0 = Release|Any CPU
	EndGlobalSection
	GlobalSection(SolutionProperties) = preSolution
		HideSolutionNode = FALSE
	EndGlobalSection
	GlobalSection(ExtensibilityGlobals) = postSolution
		SolutionGuid = {E166EB55-22BD-4CC7-92B4-4A3CBE13E62E}
	EndGlobalSection
EndGlobal
